
Microsoft Visual Studio Solution File, Format Version 12.00
# Visual Studio Version 17
VisualStudioVersion = 17.4.33205.214
MinimumVisualStudioVersion = 10.0.40219.1
Project("{FAE04EC0-301F-11D3-BF4B-00C04F79EFBC}") = "2_Bai_2", "2_Bai_2\2_Bai_2.csproj", "{898E6872-D239-4687-930C-35D7E8DDE39D}"
EndProject
Global
	GlobalSection(SolutionConfigurationPlatforms) = preSolution
		Debug|Any CPU = Debug|Any CPU
		Release|Any CPU = Release|Any CPU
	EndGlobalSection
	GlobalSection(ProjectConfigurationPlatforms) = postSolution
		{898E6872-D239-4687-930C-35D7E8DDE39D}.Debug|Any CPU.ActiveCfg = Debug|Any CPU
		{898E6872-D239-4687-930C-35D7E8DDE39D}.Debug|Any CPU.Build.0 = Debug|Any CPU
		{898E6872-D239-4687-930C-35D7E8DDE39D}.Release|Any CPU.ActiveCfg = Release|Any CPU
		{898E6872-D239-4687-930C-35D7E8DDE39D}.Release|Any CPU.Build.0 = Release|Any CPU
	EndGlobalSection
	GlobalSection(SolutionProperties) = preSolution
		HideSolutionNode = FALSE
	EndGlobalSection
	GlobalSection(ExtensibilityGlobals) = postSolution
		SolutionGuid = {2A62D47D-21BE-4AC7-8403-F9252F2E8110}
	EndGlobalSection
EndGlobal
